// !$*UTF8*$!
{
	archiveVersion = 1;
	classes = {
	};
	objectVersion = 46;
	objects = {

/* Begin PBXBuildFile section */
		B709864B1F854C2A001EBD98 /* FeedVC.swift in Sources */ = {isa = PBXBuildFile; fileRef = B709864A1F854C2A001EBD98 /* FeedVC.swift */; };
		B721A3EA1F838A9200EDFB5A /* FancyView.swift in Sources */ = {isa = PBXBuildFile; fileRef = B721A3E91F838A9200EDFB5A /* FancyView.swift */; };
		B721A3ED1F838B5900EDFB5A /* Constants.swift in Sources */ = {isa = PBXBuildFile; fileRef = B721A3EC1F838B5900EDFB5A /* Constants.swift */; };
		B721A3EF1F83DAA300EDFB5A /* RoundBtn.swift in Sources */ = {isa = PBXBuildFile; fileRef = B721A3EE1F83DAA300EDFB5A /* RoundBtn.swift */; };
		B721A3F11F83E40500EDFB5A /* FancyField.swift in Sources */ = {isa = PBXBuildFile; fileRef = B721A3F01F83E40500EDFB5A /* FancyField.swift */; };
		B721A3F31F83E69D00EDFB5A /* FancyBtn.swift in Sources */ = {isa = PBXBuildFile; fileRef = B721A3F21F83E69D00EDFB5A /* FancyBtn.swift */; };
		B745F8C11F86231B00843EC8 /* CircleView.swift in Sources */ = {isa = PBXBuildFile; fileRef = B745F8C01F86231B00843EC8 /* CircleView.swift */; };
		B76799AA1F82435600D297EC /* AppDelegate.swift in Sources */ = {isa = PBXBuildFile; fileRef = B76799A91F82435600D297EC /* AppDelegate.swift */; };
		B76799AC1F82435600D297EC /* SignInVC.swift in Sources */ = {isa = PBXBuildFile; fileRef = B76799AB1F82435600D297EC /* SignInVC.swift */; };
		B76799AF1F82435600D297EC /* Main.storyboard in Resources */ = {isa = PBXBuildFile; fileRef = B76799AD1F82435600D297EC /* Main.storyboard */; };
		B76799B11F82435600D297EC /* Assets.xcassets in Resources */ = {isa = PBXBuildFile; fileRef = B76799B01F82435600D297EC /* Assets.xcassets */; };
		B76799B41F82435600D297EC /* LaunchScreen.storyboard in Resources */ = {isa = PBXBuildFile; fileRef = B76799B21F82435600D297EC /* LaunchScreen.storyboard */; };
		B76799BC1F82446700D297EC /* GoogleService-Info.plist in Resources */ = {isa = PBXBuildFile; fileRef = B76799BB1F82446700D297EC /* GoogleService-Info.plist */; };
		FC1F51E4290E5284D06EE0EA /* Pods_mysocial.framework in Frameworks */ = {isa = PBXBuildFile; fileRef = 570ADA5072B4E88201C49BF6 /* Pods_mysocial.framework */; };
/* End PBXBuildFile section */

/* Begin PBXFileReference section */
		2F8067AA9B1205535CD7DB3A /* Pods-mysocial.debug.xcconfig */ = {isa = PBXFileReference; includeInIndex = 1; lastKnownFileType = text.xcconfig; name = "Pods-mysocial.debug.xcconfig"; path = "Pods/Target Support Files/Pods-mysocial/Pods-mysocial.debug.xcconfig"; sourceTree = "<group>"; };
		570ADA5072B4E88201C49BF6 /* Pods_mysocial.framework */ = {isa = PBXFileReference; explicitFileType = wrapper.framework; includeInIndex = 0; path = Pods_mysocial.framework; sourceTree = BUILT_PRODUCTS_DIR; };
		9C8EF60CE177ABBFD07565F7 /* Pods-mysocial.release.xcconfig */ = {isa = PBXFileReference; includeInIndex = 1; lastKnownFileType = text.xcconfig; name = "Pods-mysocial.release.xcconfig"; path = "Pods/Target Support Files/Pods-mysocial/Pods-mysocial.release.xcconfig"; sourceTree = "<group>"; };
		B709864A1F854C2A001EBD98 /* FeedVC.swift */ = {isa = PBXFileReference; fileEncoding = 4; lastKnownFileType = sourcecode.swift; path = FeedVC.swift; sourceTree = "<group>"; };
		B721A3E91F838A9200EDFB5A /* FancyView.swift */ = {isa = PBXFileReference; fileEncoding = 4; lastKnownFileType = sourcecode.swift; path = FancyView.swift; sourceTree = "<group>"; };
		B721A3EC1F838B5900EDFB5A /* Constants.swift */ = {isa = PBXFileReference; fileEncoding = 4; lastKnownFileType = sourcecode.swift; path = Constants.swift; sourceTree = "<group>"; };
		B721A3EE1F83DAA300EDFB5A /* RoundBtn.swift */ = {isa = PBXFileReference; fileEncoding = 4; lastKnownFileType = sourcecode.swift; path = RoundBtn.swift; sourceTree = "<group>"; };
		B721A3F01F83E40500EDFB5A /* FancyField.swift */ = {isa = PBXFileReference; fileEncoding = 4; lastKnownFileType = sourcecode.swift; path = FancyField.swift; sourceTree = "<group>"; };
		B721A3F21F83E69D00EDFB5A /* FancyBtn.swift */ = {isa = PBXFileReference; fileEncoding = 4; lastKnownFileType = sourcecode.swift; path = FancyBtn.swift; sourceTree = "<group>"; };
		B745F8C01F86231B00843EC8 /* CircleView.swift */ = {isa = PBXFileReference; fileEncoding = 4; lastKnownFileType = sourcecode.swift; path = CircleView.swift; sourceTree = "<group>"; };
		B76799A61F82435600D297EC /* mysocial.app */ = {isa = PBXFileReference; explicitFileType = wrapper.application; includeInIndex = 0; path = mysocial.app; sourceTree = BUILT_PRODUCTS_DIR; };
		B76799A91F82435600D297EC /* AppDelegate.swift */ = {isa = PBXFileReference; lastKnownFileType = sourcecode.swift; path = AppDelegate.swift; sourceTree = "<group>"; };
		B76799AB1F82435600D297EC /* SignInVC.swift */ = {isa = PBXFileReference; lastKnownFileType = sourcecode.swift; path = SignInVC.swift; sourceTree = "<group>"; };
		B76799AE1F82435600D297EC /* Base */ = {isa = PBXFileReference; lastKnownFileType = file.storyboard; name = Base; path = Base.lproj/Main.storyboard; sourceTree = "<group>"; };
		B76799B01F82435600D297EC /* Assets.xcassets */ = {isa = PBXFileReference; lastKnownFileType = folder.assetcatalog; path = Assets.xcassets; sourceTree = "<group>"; };
		B76799B31F82435600D297EC /* Base */ = {isa = PBXFileReference; lastKnownFileType = file.storyboard; name = Base; path = Base.lproj/LaunchScreen.storyboard; sourceTree = "<group>"; };
		B76799B51F82435600D297EC /* Info.plist */ = {isa = PBXFileReference; lastKnownFileType = text.plist.xml; path = Info.plist; sourceTree = "<group>"; };
		B76799BB1F82446700D297EC /* GoogleService-Info.plist */ = {isa = PBXFileReference; fileEncoding = 4; lastKnownFileType = text.plist.xml; path = "GoogleService-Info.plist"; sourceTree = "<group>"; };
/* End PBXFileReference section */

/* Begin PBXFrameworksBuildPhase section */
		B76799A31F82435600D297EC /* Frameworks */ = {
			isa = PBXFrameworksBuildPhase;
			buildActionMask = 2147483647;
			files = (
				FC1F51E4290E5284D06EE0EA /* Pods_mysocial.framework in Frameworks */,
			);
			runOnlyForDeploymentPostprocessing = 0;
		};
/* End PBXFrameworksBuildPhase section */

/* Begin PBXGroup section */
		B721A3EB1F838B3700EDFB5A /* Util */ = {
			isa = PBXGroup;
			children = (
				B721A3EC1F838B5900EDFB5A /* Constants.swift */,
			);
			name = Util;
			sourceTree = "<group>";
		};
		B767999D1F82435600D297EC = {
			isa = PBXGroup;
			children = (
				B76799A81F82435600D297EC /* mysocial */,
				B76799A71F82435600D297EC /* Products */,
				BEE48025BA1559767EBD3BA3 /* Pods */,
				E7FB89EEEC7ED77921AB8F09 /* Frameworks */,
			);
			sourceTree = "<group>";
		};
		B76799A71F82435600D297EC /* Products */ = {
			isa = PBXGroup;
			children = (
				B76799A61F82435600D297EC /* mysocial.app */,
			);
			name = Products;
			sourceTree = "<group>";
		};
		B76799A81F82435600D297EC /* mysocial */ = {
			isa = PBXGroup;
			children = (
				B721A3EB1F838B3700EDFB5A /* Util */,
				B76799BF1F8249B800D297EC /* Model */,
				B76799BE1F8249AD00D297EC /* View */,
				B76799BD1F82499E00D297EC /* Controller */,
				B76799A91F82435600D297EC /* AppDelegate.swift */,
				B76799AD1F82435600D297EC /* Main.storyboard */,
				B76799B01F82435600D297EC /* Assets.xcassets */,
				B76799B21F82435600D297EC /* LaunchScreen.storyboard */,
				B76799B51F82435600D297EC /* Info.plist */,
				B76799BB1F82446700D297EC /* GoogleService-Info.plist */,
			);
			path = mysocial;
			sourceTree = "<group>";
		};
		B76799BD1F82499E00D297EC /* Controller */ = {
			isa = PBXGroup;
			children = (
				B76799AB1F82435600D297EC /* SignInVC.swift */,
				B709864A1F854C2A001EBD98 /* FeedVC.swift */,
			);
			name = Controller;
			sourceTree = "<group>";
		};
		B76799BE1F8249AD00D297EC /* View */ = {
			isa = PBXGroup;
			children = (
				B721A3E91F838A9200EDFB5A /* FancyView.swift */,
				B721A3EE1F83DAA300EDFB5A /* RoundBtn.swift */,
				B721A3F01F83E40500EDFB5A /* FancyField.swift */,
				B721A3F21F83E69D00EDFB5A /* FancyBtn.swift */,
				B745F8C01F86231B00843EC8 /* CircleView.swift */,
			);
			name = View;
			sourceTree = "<group>";
		};
		B76799BF1F8249B800D297EC /* Model */ = {
			isa = PBXGroup;
			children = (
			);
			name = Model;
			sourceTree = "<group>";
		};
		BEE48025BA1559767EBD3BA3 /* Pods */ = {
			isa = PBXGroup;
			children = (
				2F8067AA9B1205535CD7DB3A /* Pods-mysocial.debug.xcconfig */,
				9C8EF60CE177ABBFD07565F7 /* Pods-mysocial.release.xcconfig */,
			);
			name = Pods;
			sourceTree = "<group>";
		};
		E7FB89EEEC7ED77921AB8F09 /* Frameworks */ = {
			isa = PBXGroup;
			children = (
				570ADA5072B4E88201C49BF6 /* Pods_mysocial.framework */,
			);
			name = Frameworks;
			sourceTree = "<group>";
		};
/* End PBXGroup section */

/* Begin PBXNativeTarget section */
		B76799A51F82435600D297EC /* mysocial */ = {
			isa = PBXNativeTarget;
			buildConfigurationList = B76799B81F82435600D297EC /* Build configuration list for PBXNativeTarget "mysocial" */;
			buildPhases = (
				7CD9BD8BBCDF1FFD4AAC215E /* [CP] Check Pods Manifest.lock */,
				B76799A21F82435600D297EC /* Sources */,
				B76799A31F82435600D297EC /* Frameworks */,
				B76799A41F82435600D297EC /* Resources */,
				52F3E72EECCBEAB68BCD4339 /* [CP] Embed Pods Frameworks */,
				7EE428AB410EB5DB47A575FE /* [CP] Copy Pods Resources */,
			);
			buildRules = (
			);
			dependencies = (
			);
			name = mysocial;
			productName = mysocial;
			productReference = B76799A61F82435600D297EC /* mysocial.app */;
			productType = "com.apple.product-type.application";
		};
/* End PBXNativeTarget section */

/* Begin PBXProject section */
		B767999E1F82435600D297EC /* Project object */ = {
			isa = PBXProject;
			attributes = {
				LastSwiftUpdateCheck = 0830;
				LastUpgradeCheck = 0830;
				ORGANIZATIONNAME = "vagelis spirou";
				TargetAttributes = {
					B76799A51F82435600D297EC = {
						CreatedOnToolsVersion = 8.3.3;
						DevelopmentTeam = YUSLD5D7Z6;
						ProvisioningStyle = Automatic;
					};
				};
			};
			buildConfigurationList = B76799A11F82435600D297EC /* Build configuration list for PBXProject "mysocial" */;
			compatibilityVersion = "Xcode 3.2";
			developmentRegion = English;
			hasScannedForEncodings = 0;
			knownRegions = (
				en,
				Base,
			);
			mainGroup = B767999D1F82435600D297EC;
			productRefGroup = B76799A71F82435600D297EC /* Products */;
			projectDirPath = "";
			projectRoot = "";
			targets = (
				B76799A51F82435600D297EC /* mysocial */,
			);
		};
/* End PBXProject section */

/* Begin PBXResourcesBuildPhase section */
		B76799A41F82435600D297EC /* Resources */ = {
			isa = PBXResourcesBuildPhase;
			buildActionMask = 2147483647;
			files = (
				B76799B41F82435600D297EC /* LaunchScreen.storyboard in Resources */,
				B76799B11F82435600D297EC /* Assets.xcassets in Resources */,
				B76799BC1F82446700D297EC /* GoogleService-Info.plist in Resources */,
				B76799AF1F82435600D297EC /* Main.storyboard in Resources */,
			);
			runOnlyForDeploymentPostprocessing = 0;
		};
/* End PBXResourcesBuildPhase section */

/* Begin PBXShellScriptBuildPhase section */
		52F3E72EECCBEAB68BCD4339 /* [CP] Embed Pods Frameworks */ = {
			isa = PBXShellScriptBuildPhase;
			buildActionMask = 2147483647;
			files = (
			);
			inputPaths = (
			);
			name = "[CP] Embed Pods Frameworks";
			outputPaths = (
			);
			runOnlyForDeploymentPostprocessing = 0;
			shellPath = /bin/sh;
			shellScript = "\"${SRCROOT}/Pods/Target Support Files/Pods-mysocial/Pods-mysocial-frameworks.sh\"\n";
			showEnvVarsInLog = 0;
		};
		7CD9BD8BBCDF1FFD4AAC215E /* [CP] Check Pods Manifest.lock */ = {
			isa = PBXShellScriptBuildPhase;
			buildActionMask = 2147483647;
			files = (
			);
			inputPaths = (
			);
			name = "[CP] Check Pods Manifest.lock";
			outputPaths = (
			);
			runOnlyForDeploymentPostprocessing = 0;
			shellPath = /bin/sh;
			shellScript = "diff \"${PODS_PODFILE_DIR_PATH}/Podfile.lock\" \"${PODS_ROOT}/Manifest.lock\" > /dev/null\nif [ $? != 0 ] ; then\n    # print error to STDERR\n    echo \"error: The sandbox is not in sync with the Podfile.lock. Run 'pod install' or update your CocoaPods installation.\" >&2\n    exit 1\nfi\n";
			showEnvVarsInLog = 0;
		};
		7EE428AB410EB5DB47A575FE /* [CP] Copy Pods Resources */ = {
			isa = PBXShellScriptBuildPhase;
			buildActionMask = 2147483647;
			files = (
			);
			inputPaths = (
			);
			name = "[CP] Copy Pods Resources";
			outputPaths = (
			);
			runOnlyForDeploymentPostprocessing = 0;
			shellPath = /bin/sh;
			shellScript = "\"${SRCROOT}/Pods/Target Support Files/Pods-mysocial/Pods-mysocial-resources.sh\"\n";
			showEnvVarsInLog = 0;
		};
/* End PBXShellScriptBuildPhase section */

/* Begin PBXSourcesBuildPhase section */
		B76799A21F82435600D297EC /* Sources */ = {
			isa = PBXSourcesBuildPhase;
			buildActionMask = 2147483647;
			files = (
				B745F8C11F86231B00843EC8 /* CircleView.swift in Sources */,
				B721A3F11F83E40500EDFB5A /* FancyField.swift in Sources */,
				B76799AC1F82435600D297EC /* SignInVC.swift in Sources */,
				B721A3EF1F83DAA300EDFB5A /* RoundBtn.swift in Sources */,
				B76799AA1F82435600D297EC /* AppDelegate.swift in Sources */,
				B709864B1F854C2A001EBD98 /* FeedVC.swift in Sources */,
				B721A3EA1F838A9200EDFB5A /* FancyView.swift in Sources */,
				B721A3ED1F838B5900EDFB5A /* Constants.swift in Sources */,
				B721A3F31F83E69D00EDFB5A /* FancyBtn.swift in Sources */,
			);
			runOnlyForDeploymentPostprocessing = 0;
		};
/* End PBXSourcesBuildPhase section */

/* Begin PBXVariantGroup section */
		B76799AD1F82435600D297EC /* Main.storyboard */ = {
			isa = PBXVariantGroup;
			children = (
				B76799AE1F82435600D297EC /* Base */,
			);
			name = Main.storyboard;
			sourceTree = "<group>";
		};
		B76799B21F82435600D297EC /* LaunchScreen.storyboard */ = {
			isa = PBXVariantGroup;
			children = (
				B76799B31F82435600D297EC /* Base */,
			);
			name = LaunchScreen.storyboard;
			sourceTree = "<group>";
		};
/* End PBXVariantGroup section */

/* Begin XCBuildConfiguration section */
		B76799B61F82435600D297EC /* Debug */ = {
			isa = XCBuildConfiguration;
			buildSettings = {
				ALWAYS_SEARCH_USER_PATHS = NO;
				CLANG_ANALYZER_NONNULL = YES;
				CLANG_ANALYZER_NUMBER_OBJECT_CONVERSION = YES_AGGRESSIVE;
				CLANG_CXX_LANGUAGE_STANDARD = "gnu++0x";
				CLANG_CXX_LIBRARY = "libc++";
				CLANG_ENABLE_MODULES = YES;
				CLANG_ENABLE_OBJC_ARC = YES;
				CLANG_WARN_BOOL_CONVERSION = YES;
				CLANG_WARN_CONSTANT_CONVERSION = YES;
				CLANG_WARN_DIRECT_OBJC_ISA_USAGE = YES_ERROR;
				CLANG_WARN_DOCUMENTATION_COMMENTS = YES;
				CLANG_WARN_EMPTY_BODY = YES;
				CLANG_WARN_ENUM_CONVERSION = YES;
				CLANG_WARN_INFINITE_RECURSION = YES;
				CLANG_WARN_INT_CONVERSION = YES;
				CLANG_WARN_OBJC_ROOT_CLASS = YES_ERROR;
				CLANG_WARN_SUSPICIOUS_MOVE = YES;
				CLANG_WARN_UNREACHABLE_CODE = YES;
				CLANG_WARN__DUPLICATE_METHOD_MATCH = YES;
				"CODE_SIGN_IDENTITY[sdk=iphoneos*]" = "iPhone Developer";
				COPY_PHASE_STRIP = NO;
				DEBUG_INFORMATION_FORMAT = dwarf;
				ENABLE_STRICT_OBJC_MSGSEND = YES;
				ENABLE_TESTABILITY = YES;
				GCC_C_LANGUAGE_STANDARD = gnu99;
				GCC_DYNAMIC_NO_PIC = NO;
				GCC_NO_COMMON_BLOCKS = YES;
				GCC_OPTIMIZATION_LEVEL = 0;
				GCC_PREPROCESSOR_DEFINITIONS = (
					"DEBUG=1",
					"$(inherited)",
				);
				GCC_WARN_64_TO_32_BIT_CONVERSION = YES;
				GCC_WARN_ABOUT_RETURN_TYPE = YES_ERROR;
				GCC_WARN_UNDECLARED_SELECTOR = YES;
				GCC_WARN_UNINITIALIZED_AUTOS = YES_AGGRESSIVE;
				GCC_WARN_UNUSED_FUNCTION = YES;
				GCC_WARN_UNUSED_VARIABLE = YES;
				IPHONEOS_DEPLOYMENT_TARGET = 10.3;
				MTL_ENABLE_DEBUG_INFO = YES;
				ONLY_ACTIVE_ARCH = YES;
				SDKROOT = iphoneos;
				SWIFT_ACTIVE_COMPILATION_CONDITIONS = DEBUG;
				SWIFT_OPTIMIZATION_LEVEL = "-Onone";
			};
			name = Debug;
		};
		B76799B71F82435600D297EC /* Release */ = {
			isa = XCBuildConfiguration;
			buildSettings = {
				ALWAYS_SEARCH_USER_PATHS = NO;
				CLANG_ANALYZER_NONNULL = YES;
				CLANG_ANALYZER_NUMBER_OBJECT_CONVERSION = YES_AGGRESSIVE;
				CLANG_CXX_LANGUAGE_STANDARD = "gnu++0x";
				CLANG_CXX_LIBRARY = "libc++";
				CLANG_ENABLE_MODULES = YES;
				CLANG_ENABLE_OBJC_ARC = YES;
				CLANG_WARN_BOOL_CONVERSION = YES;
				CLANG_WARN_CONSTANT_CONVERSION = YES;
				CLANG_WARN_DIRECT_OBJC_ISA_USAGE = YES_ERROR;
				CLANG_WARN_DOCUMENTATION_COMMENTS = YES;
				CLANG_WARN_EMPTY_BODY = YES;
				CLANG_WARN_ENUM_CONVERSION = YES;
				CLANG_WARN_INFINITE_RECURSION = YES;
				CLANG_WARN_INT_CONVERSION = YES;
				CLANG_WARN_OBJC_ROOT_CLASS = YES_ERROR;
				CLANG_WARN_SUSPICIOUS_MOVE = YES;
				CLANG_WARN_UNREACHABLE_CODE = YES;
				CLANG_WARN__DUPLICATE_METHOD_MATCH = YES;
				"CODE_SIGN_IDENTITY[sdk=iphoneos*]" = "iPhone Developer";
				COPY_PHASE_STRIP = NO;
				DEBUG_INFORMATION_FORMAT = "dwarf-with-dsym";
				ENABLE_NS_ASSERTIONS = NO;
				ENABLE_STRICT_OBJC_MSGSEND = YES;
				GCC_C_LANGUAGE_STANDARD = gnu99;
				GCC_NO_COMMON_BLOCKS = YES;
				GCC_WARN_64_TO_32_BIT_CONVERSION = YES;
				GCC_WARN_ABOUT_RETURN_TYPE = YES_ERROR;
				GCC_WARN_UNDECLARED_SELECTOR = YES;
				GCC_WARN_UNINITIALIZED_AUTOS = YES_AGGRESSIVE;
				GCC_WARN_UNUSED_FUNCTION = YES;
				GCC_WARN_UNUSED_VARIABLE = YES;
				IPHONEOS_DEPLOYMENT_TARGET = 10.3;
				MTL_ENABLE_DEBUG_INFO = NO;
				SDKROOT = iphoneos;
				SWIFT_OPTIMIZATION_LEVEL = "-Owholemodule";
				VALIDATE_PRODUCT = YES;
			};
			name = Release;
		};
		B76799B91F82435600D297EC /* Debug */ = {
			isa = XCBuildConfiguration;
			baseConfigurationReference = 2F8067AA9B1205535CD7DB3A /* Pods-mysocial.debug.xcconfig */;
			buildSettings = {
				ASSETCATALOG_COMPILER_APPICON_NAME = AppIcon;
				DEVELOPMENT_TEAM = YUSLD5D7Z6;
				INFOPLIST_FILE = mysocial/Info.plist;
				LD_RUNPATH_SEARCH_PATHS = "$(inherited) @executable_path/Frameworks";
				PRODUCT_BUNDLE_IDENTIFIER = com.spvag.mysocial;
				PRODUCT_NAME = "$(TARGET_NAME)";
				SWIFT_VERSION = 3.0;
			};
			name = Debug;
		};
		B76799BA1F82435600D297EC /* Release */ = {
			isa = XCBuildConfiguration;
			baseConfigurationReference = 9C8EF60CE177ABBFD07565F7 /* Pods-mysocial.release.xcconfig */;
			buildSettings = {
				ASSETCATALOG_COMPILER_APPICON_NAME = AppIcon;
				DEVELOPMENT_TEAM = YUSLD5D7Z6;
				INFOPLIST_FILE = mysocial/Info.plist;
				LD_RUNPATH_SEARCH_PATHS = "$(inherited) @executable_path/Frameworks";
				PRODUCT_BUNDLE_IDENTIFIER = com.spvag.mysocial;
				PRODUCT_NAME = "$(TARGET_NAME)";
				SWIFT_VERSION = 3.0;
			};
			name = Release;
		};
/* End XCBuildConfiguration section */

/* Begin XCConfigurationList section */
		B76799A11F82435600D297EC /* Build configuration list for PBXProject "mysocial" */ = {
			isa = XCConfigurationList;
			buildConfigurations = (
				B76799B61F82435600D297EC /* Debug */,
				B76799B71F82435600D297EC /* Release */,
			);
			defaultConfigurationIsVisible = 0;
			defaultConfigurationName = Release;
		};
		B76799B81F82435600D297EC /* Build configuration list for PBXNativeTarget "mysocial" */ = {
			isa = XCConfigurationList;
			buildConfigurations = (
				B76799B91F82435600D297EC /* Debug */,
				B76799BA1F82435600D297EC /* Release */,
			);
			defaultConfigurationIsVisible = 0;
			defaultConfigurationName = Release;
		};
/* End XCConfigurationList section */
	};
	rootObject = B767999E1F82435600D297EC /* Project object */;
}
